{
  "name": "angular-seed",
  "version": "0.0.0",
  "lockfileVersion": 1,
  "requires": true,
  "dependencies": {
    "angular": {
      "version": "1.6.8",
      "resolved": "https://registry.npmjs.org/angular/-/angular-1.6.8.tgz",
      "integrity": "sha512-9WErZIOw1Cu1V5Yxdvxz/6YpND8ntdP71fdPpufPFJvZodZXqCjQBYrHqEoMZreO5i84O3D/Jw/vepoFt68Azw=="
    },
    "angular-bootstrap-datetimepicker": {
      "version": "1.1.4",
      "resolved": "https://registry.npmjs.org/angular-bootstrap-datetimepicker/-/angular-bootstrap-datetimepicker-1.1.4.tgz",
      "integrity": "sha1-j2kFWuWyxRoGMbaFvwnBSeTymt4=",
      "requires": {
        "angular": "1.6.8",
        "moment": "2.20.1"
      }
    },
    "moment": {
      "version": "2.20.1",
      "resolved": "https://registry.npmjs.org/moment/-/moment-2.20.1.tgz",
      "integrity": "sha512-Yh9y73JRljxW5QxN08Fner68eFLxM5ynNOAw2LbIB1YAGeQzZT8QFSUvkAz609Zf+IHhhaUxqZK8dG3W/+HEvg=="
    }
  }
}
